
Microsoft Visual Studio Solution File, Format Version 12.00
# Visual Studio 15
VisualStudioVersion = 15.0.27130.2027
MinimumVisualStudioVersion = 10.0.40219.1
Project("{FAE04EC0-301F-11D3-BF4B-00C04F79EFBC}") = "skn_curtain_WebUI", "skn_curtain_WebUI\skn_curtain_WebUI.csproj", "{6D965A18-FCA0-412D-9D32-7AE75D74F3AF}"
EndProject
Project("{FAE04EC0-301F-11D3-BF4B-00C04F79EFBC}") = "skn_curtain_Core", "skn_curtain_Core\skn_curtain_Core.csproj", "{A6B39B4E-9F9D-4AC7-96D8-C03A4EB1CE5A}"
EndProject
Project("{FAE04EC0-301F-11D3-BF4B-00C04F79EFBC}") = "skn_curtain_Data", "skn_curtain_Data\skn_curtain_Data.csproj", "{AD29A407-606A-4417-82D4-6EA789EC3FC1}"
EndProject
Global
	GlobalSection(SolutionConfigurationPlatforms) = preSolution
		Debug|Any CPU = Debug|Any CPU
		Release|Any CPU = Release|Any CPU
	EndGlobalSection
	GlobalSection(ProjectConfigurationPlatforms) = postSolution
		{6D965A18-FCA0-412D-9D32-7AE75D74F3AF}.Debug|Any CPU.ActiveCfg = Debug|Any CPU
		{6D965A18-FCA0-412D-9D32-7AE75D74F3AF}.Debug|Any CPU.Build.0 = Debug|Any CPU
		{6D965A18-FCA0-412D-9D32-7AE75D74F3AF}.Release|Any CPU.ActiveCfg = Release|Any CPU
		{6D965A18-FCA0-412D-9D32-7AE75D74F3AF}.Release|Any CPU.Build.0 = Release|Any CPU
		{A6B39B4E-9F9D-4AC7-96D8-C03A4EB1CE5A}.Debug|Any CPU.ActiveCfg = Debug|Any CPU
		{A6B39B4E-9F9D-4AC7-96D8-C03A4EB1CE5A}.Debug|Any CPU.Build.0 = Debug|Any CPU
		{A6B39B4E-9F9D-4AC7-96D8-C03A4EB1CE5A}.Release|Any CPU.ActiveCfg = Release|Any CPU
		{A6B39B4E-9F9D-4AC7-96D8-C03A4EB1CE5A}.Release|Any CPU.Build.0 = Release|Any CPU
		{AD29A407-606A-4417-82D4-6EA789EC3FC1}.Debug|Any CPU.ActiveCfg = Debug|Any CPU
		{AD29A407-606A-4417-82D4-6EA789EC3FC1}.Debug|Any CPU.Build.0 = Debug|Any CPU
		{AD29A407-606A-4417-82D4-6EA789EC3FC1}.Release|Any CPU.ActiveCfg = Release|Any CPU
		{AD29A407-606A-4417-82D4-6EA789EC3FC1}.Release|Any CPU.Build.0 = Release|Any CPU
	EndGlobalSection
	GlobalSection(SolutionProperties) = preSolution
		HideSolutionNode = FALSE
	EndGlobalSection
	GlobalSection(ExtensibilityGlobals) = postSolution
		SolutionGuid = {DFA34704-52E2-4767-B933-48FDCE45714D}
	EndGlobalSection
EndGlobal
